
Microsoft Visual Studio Solution File, Format Version 12.00
# Visual Studio Version 17
VisualStudioVersion = 17.11.35312.102
MinimumVisualStudioVersion = 10.0.40219.1
Project("{FAE04EC0-301F-11D3-BF4B-00C04F79EFBC}") = "Week15OOPAndFiles", "Week15OOPAndFiles\Week15OOPAndFiles.csproj", "{781FEDB3-0521-4F85-BD42-21EEEE62DED8}"
EndProject
Global
	GlobalSection(SolutionConfigurationPlatforms) = preSolution
		Debug|Any CPU = Debug|Any CPU
		Release|Any CPU = Release|Any CPU
	EndGlobalSection
	GlobalSection(ProjectConfigurationPlatforms) = postSolution
		{781FEDB3-0521-4F85-BD42-21EEEE62DED8}.Debug|Any CPU.ActiveCfg = Debug|Any CPU
		{781FEDB3-0521-4F85-BD42-21EEEE62DED8}.Debug|Any CPU.Build.0 = Debug|Any CPU
		{781FEDB3-0521-4F85-BD42-21EEEE62DED8}.Release|Any CPU.ActiveCfg = Release|Any CPU
		{781FEDB3-0521-4F85-BD42-21EEEE62DED8}.Release|Any CPU.Build.0 = Release|Any CPU
	EndGlobalSection
	GlobalSection(SolutionProperties) = preSolution
		HideSolutionNode = FALSE
	EndGlobalSection
	GlobalSection(ExtensibilityGlobals) = postSolution
		SolutionGuid = {0159E70B-5741-4C1E-A0AF-067AE1CFC6D5}
	EndGlobalSection
EndGlobal
